// !$*UTF8*$!
{
	archiveVersion = 1;
	classes = {
	};
	objectVersion = 46;
	objects = {

/* Begin PBXBuildFile section */
		C90FA6B019A207B5009C8B1F /* Foundation.framework in Frameworks */ = {isa = PBXBuildFile; fileRef = C90FA6AF19A207B5009C8B1F /* Foundation.framework */; };
		C90FA6B219A207B5009C8B1F /* CoreGraphics.framework in Frameworks */ = {isa = PBXBuildFile; fileRef = C90FA6B119A207B5009C8B1F /* CoreGraphics.framework */; };
		C90FA6B419A207B5009C8B1F /* UIKit.framework in Frameworks */ = {isa = PBXBuildFile; fileRef = C90FA6B319A207B5009C8B1F /* UIKit.framework */; };
		C90FA6BA19A207B5009C8B1F /* InfoPlist.strings in Resources */ = {isa = PBXBuildFile; fileRef = C90FA6B819A207B5009C8B1F /* InfoPlist.strings */; };
		C90FA6BC19A207B5009C8B1F /* main.m in Sources */ = {isa = PBXBuildFile; fileRef = C90FA6BB19A207B5009C8B1F /* main.m */; };
		C90FA6C019A207B5009C8B1F /* AppDelegate.m in Sources */ = {isa = PBXBuildFile; fileRef = C90FA6BF19A207B5009C8B1F /* AppDelegate.m */; };
		C90FA6C319A207B5009C8B1F /* Main.storyboard in Resources */ = {isa = PBXBuildFile; fileRef = C90FA6C119A207B5009C8B1F /* Main.storyboard */; };
		C90FA6C619A207B5009C8B1F /* MasterViewController.m in Sources */ = {isa = PBXBuildFile; fileRef = C90FA6C519A207B5009C8B1F /* MasterViewController.m */; };
		C90FA6CB19A207B5009C8B1F /* Images.xcassets in Resources */ = {isa = PBXBuildFile; fileRef = C90FA6CA19A207B5009C8B1F /* Images.xcassets */; };
		C90FA6D219A207B5009C8B1F /* XCTest.framework in Frameworks */ = {isa = PBXBuildFile; fileRef = C90FA6D119A207B5009C8B1F /* XCTest.framework */; };
		C90FA6D319A207B5009C8B1F /* Foundation.framework in Frameworks */ = {isa = PBXBuildFile; fileRef = C90FA6AF19A207B5009C8B1F /* Foundation.framework */; };
		C90FA6D419A207B5009C8B1F /* UIKit.framework in Frameworks */ = {isa = PBXBuildFile; fileRef = C90FA6B319A207B5009C8B1F /* UIKit.framework */; };
		C90FA6DC19A207B5009C8B1F /* InfoPlist.strings in Resources */ = {isa = PBXBuildFile; fileRef = C90FA6DA19A207B5009C8B1F /* InfoPlist.strings */; };
		C90FA6DE19A207B5009C8B1F /* TodoListSampleTests.m in Sources */ = {isa = PBXBuildFile; fileRef = C90FA6DD19A207B5009C8B1F /* TodoListSampleTests.m */; };
		C90FA6E919A209C2009C8B1F /* AddItemViewController.m in Sources */ = {isa = PBXBuildFile; fileRef = C90FA6E819A209C2009C8B1F /* AddItemViewController.m */; };
/* End PBXBuildFile section */

/* Begin PBXContainerItemProxy section */
		C90FA6D519A207B5009C8B1F /* PBXContainerItemProxy */ = {
			isa = PBXContainerItemProxy;
			containerPortal = C90FA6A419A207B5009C8B1F /* Project object */;
			proxyType = 1;
			remoteGlobalIDString = C90FA6AB19A207B5009C8B1F;
			remoteInfo = TodoListSample;
		};
/* End PBXContainerItemProxy section */

/* Begin PBXFileReference section */
		C90FA6AC19A207B5009C8B1F /* TodoListSample.app */ = {isa = PBXFileReference; explicitFileType = wrapper.application; includeInIndex = 0; path = TodoListSample.app; sourceTree = BUILT_PRODUCTS_DIR; };
		C90FA6AF19A207B5009C8B1F /* Foundation.framework */ = {isa = PBXFileReference; lastKnownFileType = wrapper.framework; name = Foundation.framework; path = System/Library/Frameworks/Foundation.framework; sourceTree = SDKROOT; };
		C90FA6B119A207B5009C8B1F /* CoreGraphics.framework */ = {isa = PBXFileReference; lastKnownFileType = wrapper.framework; name = CoreGraphics.framework; path = System/Library/Frameworks/CoreGraphics.framework; sourceTree = SDKROOT; };
		C90FA6B319A207B5009C8B1F /* UIKit.framework */ = {isa = PBXFileReference; lastKnownFileType = wrapper.framework; name = UIKit.framework; path = System/Library/Frameworks/UIKit.framework; sourceTree = SDKROOT; };
		C90FA6B719A207B5009C8B1F /* TodoListSample-Info.plist */ = {isa = PBXFileReference; lastKnownFileType = text.plist.xml; path = "TodoListSample-Info.plist"; sourceTree = "<group>"; };
		C90FA6B919A207B5009C8B1F /* en */ = {isa = PBXFileReference; lastKnownFileType = text.plist.strings; name = en; path = en.lproj/InfoPlist.strings; sourceTree = "<group>"; };
		C90FA6BB19A207B5009C8B1F /* main.m */ = {isa = PBXFileReference; lastKnownFileType = sourcecode.c.objc; path = main.m; sourceTree = "<group>"; };
		C90FA6BD19A207B5009C8B1F /* TodoListSample-Prefix.pch */ = {isa = PBXFileReference; lastKnownFileType = sourcecode.c.h; path = "TodoListSample-Prefix.pch"; sourceTree = "<group>"; };
		C90FA6BE19A207B5009C8B1F /* AppDelegate.h */ = {isa = PBXFileReference; lastKnownFileType = sourcecode.c.h; path = AppDelegate.h; sourceTree = "<group>"; };
		C90FA6BF19A207B5009C8B1F /* AppDelegate.m */ = {isa = PBXFileReference; lastKnownFileType = sourcecode.c.objc; path = AppDelegate.m; sourceTree = "<group>"; };
		C90FA6C219A207B5009C8B1F /* Base */ = {isa = PBXFileReference; lastKnownFileType = file.storyboard; name = Base; path = Base.lproj/Main.storyboard; sourceTree = "<group>"; };
		C90FA6C419A207B5009C8B1F /* MasterViewController.h */ = {isa = PBXFileReference; lastKnownFileType = sourcecode.c.h; path = MasterViewController.h; sourceTree = "<group>"; };
		C90FA6C519A207B5009C8B1F /* MasterViewController.m */ = {isa = PBXFileReference; lastKnownFileType = sourcecode.c.objc; path = MasterViewController.m; sourceTree = "<group>"; };
		C90FA6CA19A207B5009C8B1F /* Images.xcassets */ = {isa = PBXFileReference; lastKnownFileType = folder.assetcatalog; path = Images.xcassets; sourceTree = "<group>"; };
		C90FA6D019A207B5009C8B1F /* TodoListSampleTests.xctest */ = {isa = PBXFileReference; explicitFileType = wrapper.cfbundle; includeInIndex = 0; path = TodoListSampleTests.xctest; sourceTree = BUILT_PRODUCTS_DIR; };
		C90FA6D119A207B5009C8B1F /* XCTest.framework */ = {isa = PBXFileReference; lastKnownFileType = wrapper.framework; name = XCTest.framework; path = Library/Frameworks/XCTest.framework; sourceTree = DEVELOPER_DIR; };
		C90FA6D919A207B5009C8B1F /* TodoListSampleTests-Info.plist */ = {isa = PBXFileReference; lastKnownFileType = text.plist.xml; path = "TodoListSampleTests-Info.plist"; sourceTree = "<group>"; };
		C90FA6DB19A207B5009C8B1F /* en */ = {isa = PBXFileReference; lastKnownFileType = text.plist.strings; name = en; path = en.lproj/InfoPlist.strings; sourceTree = "<group>"; };
		C90FA6DD19A207B5009C8B1F /* TodoListSampleTests.m */ = {isa = PBXFileReference; lastKnownFileType = sourcecode.c.objc; path = TodoListSampleTests.m; sourceTree = "<group>"; };
		C90FA6E719A209C2009C8B1F /* AddItemViewController.h */ = {isa = PBXFileReference; fileEncoding = 4; lastKnownFileType = sourcecode.c.h; path = AddItemViewController.h; sourceTree = "<group>"; };
		C90FA6E819A209C2009C8B1F /* AddItemViewController.m */ = {isa = PBXFileReference; fileEncoding = 4; lastKnownFileType = sourcecode.c.objc; path = AddItemViewController.m; sourceTree = "<group>"; };
/* End PBXFileReference section */

/* Begin PBXFrameworksBuildPhase section */
		C90FA6A919A207B5009C8B1F /* Frameworks */ = {
			isa = PBXFrameworksBuildPhase;
			buildActionMask = 2147483647;
			files = (
				C90FA6B219A207B5009C8B1F /* CoreGraphics.framework in Frameworks */,
				C90FA6B419A207B5009C8B1F /* UIKit.framework in Frameworks */,
				C90FA6B019A207B5009C8B1F /* Foundation.framework in Frameworks */,
			);
			runOnlyForDeploymentPostprocessing = 0;
		};
		C90FA6CD19A207B5009C8B1F /* Frameworks */ = {
			isa = PBXFrameworksBuildPhase;
			buildActionMask = 2147483647;
			files = (
				C90FA6D219A207B5009C8B1F /* XCTest.framework in Frameworks */,
				C90FA6D419A207B5009C8B1F /* UIKit.framework in Frameworks */,
				C90FA6D319A207B5009C8B1F /* Foundation.framework in Frameworks */,
			);
			runOnlyForDeploymentPostprocessing = 0;
		};
/* End PBXFrameworksBuildPhase section */

/* Begin PBXGroup section */
		C90FA6A319A207B5009C8B1F = {
			isa = PBXGroup;
			children = (
				C90FA6B519A207B5009C8B1F /* TodoListSample */,
				C90FA6D719A207B5009C8B1F /* TodoListSampleTests */,
				C90FA6AE19A207B5009C8B1F /* Frameworks */,
				C90FA6AD19A207B5009C8B1F /* Products */,
			);
			sourceTree = "<group>";
		};
		C90FA6AD19A207B5009C8B1F /* Products */ = {
			isa = PBXGroup;
			children = (
				C90FA6AC19A207B5009C8B1F /* TodoListSample.app */,
				C90FA6D019A207B5009C8B1F /* TodoListSampleTests.xctest */,
			);
			name = Products;
			sourceTree = "<group>";
		};
		C90FA6AE19A207B5009C8B1F /* Frameworks */ = {
			isa = PBXGroup;
			children = (
				C90FA6AF19A207B5009C8B1F /* Foundation.framework */,
				C90FA6B119A207B5009C8B1F /* CoreGraphics.framework */,
				C90FA6B319A207B5009C8B1F /* UIKit.framework */,
				C90FA6D119A207B5009C8B1F /* XCTest.framework */,
			);
			name = Frameworks;
			sourceTree = "<group>";
		};
		C90FA6B519A207B5009C8B1F /* TodoListSample */ = {
			isa = PBXGroup;
			children = (
				C90FA6BE19A207B5009C8B1F /* AppDelegate.h */,
				C90FA6BF19A207B5009C8B1F /* AppDelegate.m */,
				C90FA6C119A207B5009C8B1F /* Main.storyboard */,
				C90FA6C419A207B5009C8B1F /* MasterViewController.h */,
				C90FA6C519A207B5009C8B1F /* MasterViewController.m */,
				C90FA6E719A209C2009C8B1F /* AddItemViewController.h */,
				C90FA6E819A209C2009C8B1F /* AddItemViewController.m */,
				C90FA6CA19A207B5009C8B1F /* Images.xcassets */,
				C90FA6B619A207B5009C8B1F /* Supporting Files */,
			);
			path = TodoListSample;
			sourceTree = "<group>";
		};
		C90FA6B619A207B5009C8B1F /* Supporting Files */ = {
			isa = PBXGroup;
			children = (
				C90FA6B719A207B5009C8B1F /* TodoListSample-Info.plist */,
				C90FA6B819A207B5009C8B1F /* InfoPlist.strings */,
				C90FA6BB19A207B5009C8B1F /* main.m */,
				C90FA6BD19A207B5009C8B1F /* TodoListSample-Prefix.pch */,
			);
			name = "Supporting Files";
			sourceTree = "<group>";
		};
		C90FA6D719A207B5009C8B1F /* TodoListSampleTests */ = {
			isa = PBXGroup;
			children = (
				C90FA6DD19A207B5009C8B1F /* TodoListSampleTests.m */,
				C90FA6D819A207B5009C8B1F /* Supporting Files */,
			);
			path = TodoListSampleTests;
			sourceTree = "<group>";
		};
		C90FA6D819A207B5009C8B1F /* Supporting Files */ = {
			isa = PBXGroup;
			children = (
				C90FA6D919A207B5009C8B1F /* TodoListSampleTests-Info.plist */,
				C90FA6DA19A207B5009C8B1F /* InfoPlist.strings */,
			);
			name = "Supporting Files";
			sourceTree = "<group>";
		};
/* End PBXGroup section */

/* Begin PBXNativeTarget section */
		C90FA6AB19A207B5009C8B1F /* TodoListSample */ = {
			isa = PBXNativeTarget;
			buildConfigurationList = C90FA6E119A207B5009C8B1F /* Build configuration list for PBXNativeTarget "TodoListSample" */;
			buildPhases = (
				C90FA6A819A207B5009C8B1F /* Sources */,
				C90FA6A919A207B5009C8B1F /* Frameworks */,
				C90FA6AA19A207B5009C8B1F /* Resources */,
			);
			buildRules = (
			);
			dependencies = (
			);
			name = TodoListSample;
			productName = TodoListSample;
			productReference = C90FA6AC19A207B5009C8B1F /* TodoListSample.app */;
			productType = "com.apple.product-type.application";
		};
		C90FA6CF19A207B5009C8B1F /* TodoListSampleTests */ = {
			isa = PBXNativeTarget;
			buildConfigurationList = C90FA6E419A207B5009C8B1F /* Build configuration list for PBXNativeTarget "TodoListSampleTests" */;
			buildPhases = (
				C90FA6CC19A207B5009C8B1F /* Sources */,
				C90FA6CD19A207B5009C8B1F /* Frameworks */,
				C90FA6CE19A207B5009C8B1F /* Resources */,
			);
			buildRules = (
			);
			dependencies = (
				C90FA6D619A207B5009C8B1F /* PBXTargetDependency */,
			);
			name = TodoListSampleTests;
			productName = TodoListSampleTests;
			productReference = C90FA6D019A207B5009C8B1F /* TodoListSampleTests.xctest */;
			productType = "com.apple.product-type.bundle.unit-test";
		};
/* End PBXNativeTarget section */

/* Begin PBXProject section */
		C90FA6A419A207B5009C8B1F /* Project object */ = {
			isa = PBXProject;
			attributes = {
				LastUpgradeCheck = 0510;
				ORGANIZATIONNAME = "___FULLUSERNAME___";
				TargetAttributes = {
					C90FA6CF19A207B5009C8B1F = {
						TestTargetID = C90FA6AB19A207B5009C8B1F;
					};
				};
			};
			buildConfigurationList = C90FA6A719A207B5009C8B1F /* Build configuration list for PBXProject "TodoListSample" */;
			compatibilityVersion = "Xcode 3.2";
			developmentRegion = English;
			hasScannedForEncodings = 0;
			knownRegions = (
				en,
				Base,
			);
			mainGroup = C90FA6A319A207B5009C8B1F;
			productRefGroup = C90FA6AD19A207B5009C8B1F /* Products */;
			projectDirPath = "";
			projectRoot = "";
			targets = (
				C90FA6AB19A207B5009C8B1F /* TodoListSample */,
				C90FA6CF19A207B5009C8B1F /* TodoListSampleTests */,
			);
		};
/* End PBXProject section */

/* Begin PBXResourcesBuildPhase section */
		C90FA6AA19A207B5009C8B1F /* Resources */ = {
			isa = PBXResourcesBuildPhase;
			buildActionMask = 2147483647;
			files = (
				C90FA6CB19A207B5009C8B1F /* Images.xcassets in Resources */,
				C90FA6BA19A207B5009C8B1F /* InfoPlist.strings in Resources */,
				C90FA6C319A207B5009C8B1F /* Main.storyboard in Resources */,
			);
			runOnlyForDeploymentPostprocessing = 0;
		};
		C90FA6CE19A207B5009C8B1F /* Resources */ = {
			isa = PBXResourcesBuildPhase;
			buildActionMask = 2147483647;
			files = (
				C90FA6DC19A207B5009C8B1F /* InfoPlist.strings in Resources */,
			);
			runOnlyForDeploymentPostprocessing = 0;
		};
/* End PBXResourcesBuildPhase section */

/* Begin PBXSourcesBuildPhase section */
		C90FA6A819A207B5009C8B1F /* Sources */ = {
			isa = PBXSourcesBuildPhase;
			buildActionMask = 2147483647;
			files = (
				C90FA6C019A207B5009C8B1F /* AppDelegate.m in Sources */,
				C90FA6C619A207B5009C8B1F /* MasterViewController.m in Sources */,
				C90FA6BC19A207B5009C8B1F /* main.m in Sources */,
				C90FA6E919A209C2009C8B1F /* AddItemViewController.m in Sources */,
			);
			runOnlyForDeploymentPostprocessing = 0;
		};
		C90FA6CC19A207B5009C8B1F /* Sources */ = {
			isa = PBXSourcesBuildPhase;
			buildActionMask = 2147483647;
			files = (
				C90FA6DE19A207B5009C8B1F /* TodoListSampleTests.m in Sources */,
			);
			runOnlyForDeploymentPostprocessing = 0;
		};
/* End PBXSourcesBuildPhase section */

/* Begin PBXTargetDependency section */
		C90FA6D619A207B5009C8B1F /* PBXTargetDependency */ = {
			isa = PBXTargetDependency;
			target = C90FA6AB19A207B5009C8B1F /* TodoListSample */;
			targetProxy = C90FA6D519A207B5009C8B1F /* PBXContainerItemProxy */;
		};
/* End PBXTargetDependency section */

/* Begin PBXVariantGroup section */
		C90FA6B819A207B5009C8B1F /* InfoPlist.strings */ = {
			isa = PBXVariantGroup;
			children = (
				C90FA6B919A207B5009C8B1F /* en */,
			);
			name = InfoPlist.strings;
			sourceTree = "<group>";
		};
		C90FA6C119A207B5009C8B1F /* Main.storyboard */ = {
			isa = PBXVariantGroup;
			children = (
				C90FA6C219A207B5009C8B1F /* Base */,
			);
			name = Main.storyboard;
			sourceTree = "<group>";
		};
		C90FA6DA19A207B5009C8B1F /* InfoPlist.strings */ = {
			isa = PBXVariantGroup;
			children = (
				C90FA6DB19A207B5009C8B1F /* en */,
			);
			name = InfoPlist.strings;
			sourceTree = "<group>";
		};
/* End PBXVariantGroup section */

/* Begin XCBuildConfiguration section */
		C90FA6DF19A207B5009C8B1F /* Debug */ = {
			isa = XCBuildConfiguration;
			buildSettings = {
				ALWAYS_SEARCH_USER_PATHS = NO;
				CLANG_CXX_LANGUAGE_STANDARD = "gnu++0x";
				CLANG_CXX_LIBRARY = "libc++";
				CLANG_ENABLE_MODULES = YES;
				CLANG_ENABLE_OBJC_ARC = YES;
				CLANG_WARN_BOOL_CONVERSION = YES;
				CLANG_WARN_CONSTANT_CONVERSION = YES;
				CLANG_WARN_DIRECT_OBJC_ISA_USAGE = YES_ERROR;
				CLANG_WARN_EMPTY_BODY = YES;
				CLANG_WARN_ENUM_CONVERSION = YES;
				CLANG_WARN_INT_CONVERSION = YES;
				CLANG_WARN_OBJC_ROOT_CLASS = YES_ERROR;
				CLANG_WARN__DUPLICATE_METHOD_MATCH = YES;
				"CODE_SIGN_IDENTITY[sdk=iphoneos*]" = "iPhone Developer";
				COPY_PHASE_STRIP = NO;
				GCC_C_LANGUAGE_STANDARD = gnu99;
				GCC_DYNAMIC_NO_PIC = NO;
				GCC_OPTIMIZATION_LEVEL = 0;
				GCC_PREPROCESSOR_DEFINITIONS = (
					"DEBUG=1",
					"$(inherited)",
				);
				GCC_SYMBOLS_PRIVATE_EXTERN = NO;
				GCC_WARN_64_TO_32_BIT_CONVERSION = YES;
				GCC_WARN_ABOUT_RETURN_TYPE = YES_ERROR;
				GCC_WARN_UNDECLARED_SELECTOR = YES;
				GCC_WARN_UNINITIALIZED_AUTOS = YES_AGGRESSIVE;
				GCC_WARN_UNUSED_FUNCTION = YES;
				GCC_WARN_UNUSED_VARIABLE = YES;
				IPHONEOS_DEPLOYMENT_TARGET = 7.1;
				ONLY_ACTIVE_ARCH = YES;
				SDKROOT = iphoneos;
			};
			name = Debug;
		};
		C90FA6E019A207B5009C8B1F /* Release */ = {
			isa = XCBuildConfiguration;
			buildSettings = {
				ALWAYS_SEARCH_USER_PATHS = NO;
				CLANG_CXX_LANGUAGE_STANDARD = "gnu++0x";
				CLANG_CXX_LIBRARY = "libc++";
				CLANG_ENABLE_MODULES = YES;
				CLANG_ENABLE_OBJC_ARC = YES;
				CLANG_WARN_BOOL_CONVERSION = YES;
				CLANG_WARN_CONSTANT_CONVERSION = YES;
				CLANG_WARN_DIRECT_OBJC_ISA_USAGE = YES_ERROR;
				CLANG_WARN_EMPTY_BODY = YES;
				CLANG_WARN_ENUM_CONVERSION = YES;
				CLANG_WARN_INT_CONVERSION = YES;
				CLANG_WARN_OBJC_ROOT_CLASS = YES_ERROR;
				CLANG_WARN__DUPLICATE_METHOD_MATCH = YES;
				"CODE_SIGN_IDENTITY[sdk=iphoneos*]" = "iPhone Developer";
				COPY_PHASE_STRIP = YES;
				ENABLE_NS_ASSERTIONS = NO;
				GCC_C_LANGUAGE_STANDARD = gnu99;
				GCC_WARN_64_TO_32_BIT_CONVERSION = YES;
				GCC_WARN_ABOUT_RETURN_TYPE = YES_ERROR;
				GCC_WARN_UNDECLARED_SELECTOR = YES;
				GCC_WARN_UNINITIALIZED_AUTOS = YES_AGGRESSIVE;
				GCC_WARN_UNUSED_FUNCTION = YES;
				GCC_WARN_UNUSED_VARIABLE = YES;
				IPHONEOS_DEPLOYMENT_TARGET = 7.1;
				SDKROOT = iphoneos;
				VALIDATE_PRODUCT = YES;
			};
			name = Release;
		};
		C90FA6E219A207B5009C8B1F /* Debug */ = {
			isa = XCBuildConfiguration;
			buildSettings = {
				ASSETCATALOG_COMPILER_APPICON_NAME = AppIcon;
				ASSETCATALOG_COMPILER_LAUNCHIMAGE_NAME = LaunchImage;
				GCC_PRECOMPILE_PREFIX_HEADER = YES;
				GCC_PREFIX_HEADER = "TodoListSample/TodoListSample-Prefix.pch";
				INFOPLIST_FILE = "TodoListSample/TodoListSample-Info.plist";
				IPHONEOS_DEPLOYMENT_TARGET = 7.0;
				PRODUCT_NAME = "$(TARGET_NAME)";
				WRAPPER_EXTENSION = app;
			};
			name = Debug;
		};
		C90FA6E319A207B5009C8B1F /* Release */ = {
			isa = XCBuildConfiguration;
			buildSettings = {
				ASSETCATALOG_COMPILER_APPICON_NAME = AppIcon;
				ASSETCATALOG_COMPILER_LAUNCHIMAGE_NAME = LaunchImage;
				GCC_PRECOMPILE_PREFIX_HEADER = YES;
				GCC_PREFIX_HEADER = "TodoListSample/TodoListSample-Prefix.pch";
				INFOPLIST_FILE = "TodoListSample/TodoListSample-Info.plist";
				IPHONEOS_DEPLOYMENT_TARGET = 7.0;
				PRODUCT_NAME = "$(TARGET_NAME)";
				WRAPPER_EXTENSION = app;
			};
			name = Release;
		};
		C90FA6E519A207B5009C8B1F /* Debug */ = {
			isa = XCBuildConfiguration;
			buildSettings = {
				BUNDLE_LOADER = "$(BUILT_PRODUCTS_DIR)/TodoListSample.app/TodoListSample";
				FRAMEWORK_SEARCH_PATHS = (
					"$(SDKROOT)/Developer/Library/Frameworks",
					"$(inherited)",
					"$(DEVELOPER_FRAMEWORKS_DIR)",
				);
				GCC_PRECOMPILE_PREFIX_HEADER = YES;
				GCC_PREFIX_HEADER = "TodoListSample/TodoListSample-Prefix.pch";
				GCC_PREPROCESSOR_DEFINITIONS = (
					"DEBUG=1",
					"$(inherited)",
				);
				INFOPLIST_FILE = "TodoListSampleTests/TodoListSampleTests-Info.plist";
				PRODUCT_NAME = "$(TARGET_NAME)";
				TEST_HOST = "$(BUNDLE_LOADER)";
				WRAPPER_EXTENSION = xctest;
			};
			name = Debug;
		};
		C90FA6E619A207B5009C8B1F /* Release */ = {
			isa = XCBuildConfiguration;
			buildSettings = {
				BUNDLE_LOADER = "$(BUILT_PRODUCTS_DIR)/TodoListSample.app/TodoListSample";
				FRAMEWORK_SEARCH_PATHS = (
					"$(SDKROOT)/Developer/Library/Frameworks",
					"$(inherited)",
					"$(DEVELOPER_FRAMEWORKS_DIR)",
				);
				GCC_PRECOMPILE_PREFIX_HEADER = YES;
				GCC_PREFIX_HEADER = "TodoListSample/TodoListSample-Prefix.pch";
				INFOPLIST_FILE = "TodoListSampleTests/TodoListSampleTests-Info.plist";
				PRODUCT_NAME = "$(TARGET_NAME)";
				TEST_HOST = "$(BUNDLE_LOADER)";
				WRAPPER_EXTENSION = xctest;
			};
			name = Release;
		};
/* End XCBuildConfiguration section */

/* Begin XCConfigurationList section */
		C90FA6A719A207B5009C8B1F /* Build configuration list for PBXProject "TodoListSample" */ = {
			isa = XCConfigurationList;
			buildConfigurations = (
				C90FA6DF19A207B5009C8B1F /* Debug */,
				C90FA6E019A207B5009C8B1F /* Release */,
			);
			defaultConfigurationIsVisible = 0;
			defaultConfigurationName = Release;
		};
		C90FA6E119A207B5009C8B1F /* Build configuration list for PBXNativeTarget "TodoListSample" */ = {
			isa = XCConfigurationList;
			buildConfigurations = (
				C90FA6E219A207B5009C8B1F /* Debug */,
				C90FA6E319A207B5009C8B1F /* Release */,
			);
			defaultConfigurationIsVisible = 0;
		};
		C90FA6E419A207B5009C8B1F /* Build configuration list for PBXNativeTarget "TodoListSampleTests" */ = {
			isa = XCConfigurationList;
			buildConfigurations = (
				C90FA6E519A207B5009C8B1F /* Debug */,
				C90FA6E619A207B5009C8B1F /* Release */,
			);
			defaultConfigurationIsVisible = 0;
		};
/* End XCConfigurationList section */
	};
	rootObject = C90FA6A419A207B5009C8B1F /* Project object */;
}
